
Microsoft Visual Studio Solution File, Format Version 12.00
# Visual Studio 2013
VisualStudioVersion = 12.0.30110.0
MinimumVisualStudioVersion = 10.0.40219.1
Project("{FAE04EC0-301F-11D3-BF4B-00C04F79EFBC}") = "BuilderDesignPattern", "BuilderDesignPattern\BuilderDesignPattern.csproj", "{DF5275B1-853B-431B-8D5D-7C6E0A51D7C8}"
EndProject
Project("{FAE04EC0-301F-11D3-BF4B-00C04F79EFBC}") = "PrototypeDesignPattern", "PrototypeDesignPattern\PrototypeDesignPattern.csproj", "{C18DBA85-AB1E-43B2-A995-09DAF3D4253D}"
EndProject
Project("{2150E333-8FDC-42A3-9474-1A3956D46DE8}") = "Creational", "Creational", "{36C47D9F-BD35-4584-AC4C-A33E02799E3A}"
EndProject
Project("{2150E333-8FDC-42A3-9474-1A3956D46DE8}") = "Builder", "Builder", "{942B2732-F147-46FA-9312-C569EAD28DDB}"
EndProject
Project("{2150E333-8FDC-42A3-9474-1A3956D46DE8}") = "Prototype", "Prototype", "{9135C537-E0BF-4DEF-A4E9-8B21905F12F5}"
EndProject
Project("{FAE04EC0-301F-11D3-BF4B-00C04F79EFBC}") = "Prototype.Core", "Core\Prototype.Core.csproj", "{A28E7287-46D3-4268-B546-F3C606A7C732}"
EndProject
Project("{FAE04EC0-301F-11D3-BF4B-00C04F79EFBC}") = "Prototype.Entity", "Entity\Prototype.Entity.csproj", "{F59127C0-2036-449B-AA22-2AE2E4242FEB}"
EndProject
Project("{2150E333-8FDC-42A3-9474-1A3956D46DE8}") = "Facade", "Facade", "{6588DACB-BEE5-4F6C-9387-E065DA14C64D}"
EndProject
Project("{2150E333-8FDC-42A3-9474-1A3956D46DE8}") = "Adapter", "Adapter", "{981BD0C9-57BC-4E66-9931-D0DC9D63A34B}"
EndProject
Project("{2150E333-8FDC-42A3-9474-1A3956D46DE8}") = "Decorator", "Decorator", "{2E984FA0-CE49-499E-A442-0C652EBCE144}"
EndProject
Project("{FAE04EC0-301F-11D3-BF4B-00C04F79EFBC}") = "Facade.Worker", "Worker\Facade.Worker.csproj", "{F4D5384C-2930-468E-92B6-F710C196925F}"
EndProject
Project("{FAE04EC0-301F-11D3-BF4B-00C04F79EFBC}") = "Facade.Entity", "Facade.Entity\Facade.Entity.csproj", "{AF126815-0AA3-4C98-AE1C-62508DDE7610}"
EndProject
Project("{FAE04EC0-301F-11D3-BF4B-00C04F79EFBC}") = "Facade.Manager", "Facade.Manager\Facade.Manager.csproj", "{ADBED7D1-5CE3-459A-A1B1-11EF08EF8B7B}"
EndProject
Project("{FAE04EC0-301F-11D3-BF4B-00C04F79EFBC}") = "Facade.Client", "Facade.Client\Facade.Client.csproj", "{ADFF93CF-E0FD-495A-B234-CC52300B5654}"
EndProject
Project("{2150E333-8FDC-42A3-9474-1A3956D46DE8}") = "Structural", "Structural", "{E405869B-CAAC-4342-804D-5CD92C875487}"
EndProject
Project("{2150E333-8FDC-42A3-9474-1A3956D46DE8}") = "Factory", "Factory", "{A696B7C1-BE6A-4330-8408-B6CC1D936FEB}"
EndProject
Project("{2150E333-8FDC-42A3-9474-1A3956D46DE8}") = "Abstract Factory", "Abstract Factory", "{1B54B427-8F45-4D00-B91B-22FD75F6ECCD}"
EndProject
Project("{2150E333-8FDC-42A3-9474-1A3956D46DE8}") = "Singleton", "Singleton", "{AA28E46C-037C-4F3D-8C3B-F090A5F93382}"
EndProject
Project("{FAE04EC0-301F-11D3-BF4B-00C04F79EFBC}") = "Adapter.OurLogSystem", "Adapter.OurLogSystem\Adapter.OurLogSystem.csproj", "{1BA0B8A7-D8F8-41D4-8F3A-EEDF51B56737}"
EndProject
Project("{FAE04EC0-301F-11D3-BF4B-00C04F79EFBC}") = "Adapter.3rdPartyLogSystem", "Adapter.3rdPartyLogSystem\Adapter.3rdPartyLogSystem.csproj", "{CDA568BB-F5EC-4646-B3B6-A291B499A91D}"
EndProject
Project("{FAE04EC0-301F-11D3-BF4B-00C04F79EFBC}") = "Adapter.Client", "Adapter.Client\Adapter.Client.csproj", "{CFE007A4-6258-4C31-8ACC-A2AA670134FE}"
EndProject
Project("{FAE04EC0-301F-11D3-BF4B-00C04F79EFBC}") = "Decorator.DbSystem", "Decorator.DbSystem\Decorator.DbSystem.csproj", "{D2AE06C5-645F-4BB8-87A0-2D5D3D5A4C4B}"
EndProject
Project("{FAE04EC0-301F-11D3-BF4B-00C04F79EFBC}") = "Decorator.Client", "Decorator.Client\Decorator.Client.csproj", "{6E73EEAA-9937-44B6-AC1C-549B77CA57BE}"
EndProject
Project("{2150E333-8FDC-42A3-9474-1A3956D46DE8}") = "Behavioral", "Behavioral", "{678624C1-42E2-46B4-9EE4-F152577D8E3B}"
EndProject
Project("{2150E333-8FDC-42A3-9474-1A3956D46DE8}") = "Strategy", "Strategy", "{ED5C9499-0570-4FF7-98D4-EB47CAA37741}"
EndProject
Project("{FAE04EC0-301F-11D3-BF4B-00C04F79EFBC}") = "Strategy.Sorting", "Strategy.Sorting\Strategy.Sorting.csproj", "{F52EEE40-7DA6-4B4D-9DD5-904A882A579D}"
EndProject
Project("{FAE04EC0-301F-11D3-BF4B-00C04F79EFBC}") = "Strategy.Client", "Strategy.Client\Strategy.Client.csproj", "{D51B9EE6-7109-4177-863E-C6303B495527}"
EndProject
Project("{2150E333-8FDC-42A3-9474-1A3956D46DE8}") = "ChainOfResponsibility", "ChainOfResponsibility", "{059058F3-181B-49A2-BC4A-B76124978174}"
EndProject
Project("{FAE04EC0-301F-11D3-BF4B-00C04F79EFBC}") = "ChainOfResponsibility.Kredi", "ChainOfResponsibility.Kredi\ChainOfResponsibility.Kredi.csproj", "{717C0B46-AFFA-4041-9334-DCE4CC4AAC76}"
EndProject
Project("{FAE04EC0-301F-11D3-BF4B-00C04F79EFBC}") = "ChainOfResponsibility.Client", "ChainOfResponsibility.Client\ChainOfResponsibility.Client.csproj", "{4C2C7935-A228-4F02-A115-CA524ED01AAB}"
EndProject
Project("{2150E333-8FDC-42A3-9474-1A3956D46DE8}") = "Observer", "Observer", "{1B95949E-6FDE-4F7F-9BF2-C204DF529F0F}"
EndProject
Project("{FAE04EC0-301F-11D3-BF4B-00C04F79EFBC}") = "Observer.GSMOperator", "Observer.GSMOperator\Observer.GSMOperator.csproj", "{ADD451A2-CB58-4EB6-BFA7-FB2563B2DAAF}"
EndProject
Project("{FAE04EC0-301F-11D3-BF4B-00C04F79EFBC}") = "Observer.Client", "Observer.Client\Observer.Client.csproj", "{AD6ED939-9D35-48C9-9C31-39A1D967D8FC}"
EndProject
Project("{2150E333-8FDC-42A3-9474-1A3956D46DE8}") = "Command", "Command", "{388891D2-175F-4639-9D56-12FBE060AD2C}"
EndProject
Project("{FAE04EC0-301F-11D3-BF4B-00C04F79EFBC}") = "Command.DisabledEnabled", "Command.DisabledEnabled\Command.DisabledEnabled.csproj", "{4BF4B91F-ACEA-497F-BD3A-9F3BCB25264E}"
EndProject
Project("{FAE04EC0-301F-11D3-BF4B-00C04F79EFBC}") = "Command.Client", "Command.Client\Command.Client.csproj", "{22D57848-8E3B-4131-8CAE-1A0371879047}"
EndProject
Project("{2150E333-8FDC-42A3-9474-1A3956D46DE8}") = "Visitor", "Visitor", "{AFC5DC89-41C7-4247-85B9-C33DC63FD3A2}"
EndProject
Project("{FAE04EC0-301F-11D3-BF4B-00C04F79EFBC}") = "Visitor.ConvertToHtml", "Visitor.ConvertToHtml\Visitor.ConvertToHtml.csproj", "{4E1F35CB-4FC0-49E1-9F7D-1FA26CA4BAD0}"
EndProject
Project("{FAE04EC0-301F-11D3-BF4B-00C04F79EFBC}") = "Visitor.Client", "Visitor.Client\Visitor.Client.csproj", "{3627C3C8-D251-4C54-9FD0-51427238FF64}"
EndProject
Project("{2150E333-8FDC-42A3-9474-1A3956D46DE8}") = "Iterator", "Iterator", "{121BB572-DABB-4955-8CAB-FEA4989871B7}"
EndProject
Project("{FAE04EC0-301F-11D3-BF4B-00C04F79EFBC}") = "Iterator.Datetime", "Iterator.Datetime\Iterator.Datetime.csproj", "{7563CBF1-7D81-4A0C-805D-9EEEDFCDFAA8}"
EndProject
Project("{FAE04EC0-301F-11D3-BF4B-00C04F79EFBC}") = "Iterator.Client", "Iterator.Client\Iterator.Client.csproj", "{ABA76C53-C24A-4D31-8E1E-9FBC6D93D5B9}"
EndProject
Project("{FAE04EC0-301F-11D3-BF4B-00C04F79EFBC}") = "AbstractFactory", "AbstractFactory\AbstractFactory.csproj", "{A25F23D5-4444-4726-9331-EF4632BA5987}"
EndProject
Project("{2150E333-8FDC-42A3-9474-1A3956D46DE8}") = "Bridge", "Bridge", "{DBBC153B-FB09-4D8B-8170-E31A606B2E1C}"
EndProject
Project("{FAE04EC0-301F-11D3-BF4B-00C04F79EFBC}") = "Bridge", "Bridge\Bridge.csproj", "{0E7354E8-3BFE-4CA3-83A0-D48419F6DD2B}"
EndProject
Project("{2150E333-8FDC-42A3-9474-1A3956D46DE8}") = "Composite", "Composite", "{A2CB249D-B181-427A-B107-2A0379054D33}"
EndProject
Project("{FAE04EC0-301F-11D3-BF4B-00C04F79EFBC}") = "Composite", "Composite\Composite.csproj", "{09E55778-BC6C-475F-BE11-657ECFF64A12}"
EndProject
Project("{FAE04EC0-301F-11D3-BF4B-00C04F79EFBC}") = "Factory", "Factory\Factory.csproj", "{9D39B6DE-78AB-4971-9E70-C3AB31817A8B}"
EndProject
Project("{2150E333-8FDC-42A3-9474-1A3956D46DE8}") = "FlyWeight", "FlyWeight", "{22D9B0DD-122A-4CA2-9B01-4267819323A8}"
EndProject
Project("{FAE04EC0-301F-11D3-BF4B-00C04F79EFBC}") = "FlyWeight", "FlyWeight\FlyWeight.csproj", "{1C009827-D075-4619-B2A2-C897192CEA23}"
EndProject
Project("{2150E333-8FDC-42A3-9474-1A3956D46DE8}") = "Interpreter", "Interpreter", "{BAAF00AB-8EF5-4508-A923-C71EDBE50F8E}"
EndProject
Project("{FAE04EC0-301F-11D3-BF4B-00C04F79EFBC}") = "Interpreter", "Interpreter\Interpreter.csproj", "{73AC46D7-D4F5-413F-8E7A-66E559367FEE}"
EndProject
Project("{2150E333-8FDC-42A3-9474-1A3956D46DE8}") = "Mediator", "Mediator", "{D55B885E-6A2E-4334-90BB-5FF21F4D9241}"
EndProject
Project("{FAE04EC0-301F-11D3-BF4B-00C04F79EFBC}") = "Mediator", "Mediator\Mediator.csproj", "{4FC6D70F-A744-404B-AAB1-932253441C96}"
EndProject
Project("{FAE04EC0-301F-11D3-BF4B-00C04F79EFBC}") = "Mediator.Chat", "Mediator.Chat\Mediator.Chat.csproj", "{4FD8E8A2-8BB2-478E-B349-67766FB4A967}"
EndProject
Project("{FAE04EC0-301F-11D3-BF4B-00C04F79EFBC}") = "Mediator.ChatRoom", "Mediator.ChatRoom\Mediator.ChatRoom.csproj", "{FB603700-2BE3-4730-ADC3-799EB8060B88}"
EndProject
Project("{FAE04EC0-301F-11D3-BF4B-00C04F79EFBC}") = "Mediator.Pattern", "Mediator.Pattern\Mediator.Pattern.csproj", "{1805D3FB-D546-413C-B84B-92252D08CCD9}"
EndProject
Project("{2150E333-8FDC-42A3-9474-1A3956D46DE8}") = "Memento", "Memento", "{175DD6DF-7588-4F1E-B3D5-0F700985F5DB}"
EndProject
Project("{FAE04EC0-301F-11D3-BF4B-00C04F79EFBC}") = "Memento", "Memento\Memento.csproj", "{4134F60E-FC55-4E92-8713-F8DE0F95D6E8}"
EndProject
Project("{2150E333-8FDC-42A3-9474-1A3956D46DE8}") = "Proxy", "Proxy", "{C5E8423B-0596-4B0C-BAF7-05AAC8103F64}"
EndProject
Project("{FAE04EC0-301F-11D3-BF4B-00C04F79EFBC}") = "Proxy", "Proxy\Proxy.csproj", "{CF4CC85F-A097-4917-ABA3-7FEC710B49F1}"
EndProject
Project("{FAE04EC0-301F-11D3-BF4B-00C04F79EFBC}") = "Singleton", "Singleton\Singleton.csproj", "{E56A399D-9974-436E-A562-FB1CEF125AEB}"
EndProject
Project("{2150E333-8FDC-42A3-9474-1A3956D46DE8}") = "State", "State", "{9FAE9360-A194-4E8D-9A28-0635F8BDA5BF}"
EndProject
Project("{FAE04EC0-301F-11D3-BF4B-00C04F79EFBC}") = "State", "State\State.csproj", "{B67741A9-50FF-4693-9515-6E7288B13BFE}"
EndProject
Project("{2150E333-8FDC-42A3-9474-1A3956D46DE8}") = "Template Method", "Template Method", "{3C6A6302-87B7-4E09-BBE3-5870597AEE69}"
EndProject
Project("{FAE04EC0-301F-11D3-BF4B-00C04F79EFBC}") = "Template Method", "Template Method\Template Method.csproj", "{85D2EAA6-996C-451D-A7F8-ED180C5B5D3F}"
EndProject
Global
	GlobalSection(SolutionConfigurationPlatforms) = preSolution
		Debug|Any CPU = Debug|Any CPU
		Release|Any CPU = Release|Any CPU
	EndGlobalSection
	GlobalSection(ProjectConfigurationPlatforms) = postSolution
		{DF5275B1-853B-431B-8D5D-7C6E0A51D7C8}.Debug|Any CPU.ActiveCfg = Debug|Any CPU
		{DF5275B1-853B-431B-8D5D-7C6E0A51D7C8}.Debug|Any CPU.Build.0 = Debug|Any CPU
		{DF5275B1-853B-431B-8D5D-7C6E0A51D7C8}.Release|Any CPU.ActiveCfg = Release|Any CPU
		{DF5275B1-853B-431B-8D5D-7C6E0A51D7C8}.Release|Any CPU.Build.0 = Release|Any CPU
		{C18DBA85-AB1E-43B2-A995-09DAF3D4253D}.Debug|Any CPU.ActiveCfg = Debug|Any CPU
		{C18DBA85-AB1E-43B2-A995-09DAF3D4253D}.Debug|Any CPU.Build.0 = Debug|Any CPU
		{C18DBA85-AB1E-43B2-A995-09DAF3D4253D}.Release|Any CPU.ActiveCfg = Release|Any CPU
		{C18DBA85-AB1E-43B2-A995-09DAF3D4253D}.Release|Any CPU.Build.0 = Release|Any CPU
		{A28E7287-46D3-4268-B546-F3C606A7C732}.Debug|Any CPU.ActiveCfg = Debug|Any CPU
		{A28E7287-46D3-4268-B546-F3C606A7C732}.Debug|Any CPU.Build.0 = Debug|Any CPU
		{A28E7287-46D3-4268-B546-F3C606A7C732}.Release|Any CPU.ActiveCfg = Release|Any CPU
		{A28E7287-46D3-4268-B546-F3C606A7C732}.Release|Any CPU.Build.0 = Release|Any CPU
		{F59127C0-2036-449B-AA22-2AE2E4242FEB}.Debug|Any CPU.ActiveCfg = Debug|Any CPU
		{F59127C0-2036-449B-AA22-2AE2E4242FEB}.Debug|Any CPU.Build.0 = Debug|Any CPU
		{F59127C0-2036-449B-AA22-2AE2E4242FEB}.Release|Any CPU.ActiveCfg = Release|Any CPU
		{F59127C0-2036-449B-AA22-2AE2E4242FEB}.Release|Any CPU.Build.0 = Release|Any CPU
		{F4D5384C-2930-468E-92B6-F710C196925F}.Debug|Any CPU.ActiveCfg = Debug|Any CPU
		{F4D5384C-2930-468E-92B6-F710C196925F}.Debug|Any CPU.Build.0 = Debug|Any CPU
		{F4D5384C-2930-468E-92B6-F710C196925F}.Release|Any CPU.ActiveCfg = Release|Any CPU
		{F4D5384C-2930-468E-92B6-F710C196925F}.Release|Any CPU.Build.0 = Release|Any CPU
		{AF126815-0AA3-4C98-AE1C-62508DDE7610}.Debug|Any CPU.ActiveCfg = Debug|Any CPU
		{AF126815-0AA3-4C98-AE1C-62508DDE7610}.Debug|Any CPU.Build.0 = Debug|Any CPU
		{AF126815-0AA3-4C98-AE1C-62508DDE7610}.Release|Any CPU.ActiveCfg = Release|Any CPU
		{AF126815-0AA3-4C98-AE1C-62508DDE7610}.Release|Any CPU.Build.0 = Release|Any CPU
		{ADBED7D1-5CE3-459A-A1B1-11EF08EF8B7B}.Debug|Any CPU.ActiveCfg = Debug|Any CPU
		{ADBED7D1-5CE3-459A-A1B1-11EF08EF8B7B}.Debug|Any CPU.Build.0 = Debug|Any CPU
		{ADBED7D1-5CE3-459A-A1B1-11EF08EF8B7B}.Release|Any CPU.ActiveCfg = Release|Any CPU
		{ADBED7D1-5CE3-459A-A1B1-11EF08EF8B7B}.Release|Any CPU.Build.0 = Release|Any CPU
		{ADFF93CF-E0FD-495A-B234-CC52300B5654}.Debug|Any CPU.ActiveCfg = Debug|Any CPU
		{ADFF93CF-E0FD-495A-B234-CC52300B5654}.Debug|Any CPU.Build.0 = Debug|Any CPU
		{ADFF93CF-E0FD-495A-B234-CC52300B5654}.Release|Any CPU.ActiveCfg = Release|Any CPU
		{ADFF93CF-E0FD-495A-B234-CC52300B5654}.Release|Any CPU.Build.0 = Release|Any CPU
		{1BA0B8A7-D8F8-41D4-8F3A-EEDF51B56737}.Debug|Any CPU.ActiveCfg = Debug|Any CPU
		{1BA0B8A7-D8F8-41D4-8F3A-EEDF51B56737}.Debug|Any CPU.Build.0 = Debug|Any CPU
		{1BA0B8A7-D8F8-41D4-8F3A-EEDF51B56737}.Release|Any CPU.ActiveCfg = Release|Any CPU
		{1BA0B8A7-D8F8-41D4-8F3A-EEDF51B56737}.Release|Any CPU.Build.0 = Release|Any CPU
		{CDA568BB-F5EC-4646-B3B6-A291B499A91D}.Debug|Any CPU.ActiveCfg = Debug|Any CPU
		{CDA568BB-F5EC-4646-B3B6-A291B499A91D}.Debug|Any CPU.Build.0 = Debug|Any CPU
		{CDA568BB-F5EC-4646-B3B6-A291B499A91D}.Release|Any CPU.ActiveCfg = Release|Any CPU
		{CDA568BB-F5EC-4646-B3B6-A291B499A91D}.Release|Any CPU.Build.0 = Release|Any CPU
		{CFE007A4-6258-4C31-8ACC-A2AA670134FE}.Debug|Any CPU.ActiveCfg = Debug|Any CPU
		{CFE007A4-6258-4C31-8ACC-A2AA670134FE}.Debug|Any CPU.Build.0 = Debug|Any CPU
		{CFE007A4-6258-4C31-8ACC-A2AA670134FE}.Release|Any CPU.ActiveCfg = Release|Any CPU
		{CFE007A4-6258-4C31-8ACC-A2AA670134FE}.Release|Any CPU.Build.0 = Release|Any CPU
		{D2AE06C5-645F-4BB8-87A0-2D5D3D5A4C4B}.Debug|Any CPU.ActiveCfg = Debug|Any CPU
		{D2AE06C5-645F-4BB8-87A0-2D5D3D5A4C4B}.Debug|Any CPU.Build.0 = Debug|Any CPU
		{D2AE06C5-645F-4BB8-87A0-2D5D3D5A4C4B}.Release|Any CPU.ActiveCfg = Release|Any CPU
		{D2AE06C5-645F-4BB8-87A0-2D5D3D5A4C4B}.Release|Any CPU.Build.0 = Release|Any CPU
		{6E73EEAA-9937-44B6-AC1C-549B77CA57BE}.Debug|Any CPU.ActiveCfg = Debug|Any CPU
		{6E73EEAA-9937-44B6-AC1C-549B77CA57BE}.Debug|Any CPU.Build.0 = Debug|Any CPU
		{6E73EEAA-9937-44B6-AC1C-549B77CA57BE}.Release|Any CPU.ActiveCfg = Release|Any CPU
		{6E73EEAA-9937-44B6-AC1C-549B77CA57BE}.Release|Any CPU.Build.0 = Release|Any CPU
		{F52EEE40-7DA6-4B4D-9DD5-904A882A579D}.Debug|Any CPU.ActiveCfg = Debug|Any CPU
		{F52EEE40-7DA6-4B4D-9DD5-904A882A579D}.Debug|Any CPU.Build.0 = Debug|Any CPU
		{F52EEE40-7DA6-4B4D-9DD5-904A882A579D}.Release|Any CPU.ActiveCfg = Release|Any CPU
		{F52EEE40-7DA6-4B4D-9DD5-904A882A579D}.Release|Any CPU.Build.0 = Release|Any CPU
		{D51B9EE6-7109-4177-863E-C6303B495527}.Debug|Any CPU.ActiveCfg = Debug|Any CPU
		{D51B9EE6-7109-4177-863E-C6303B495527}.Debug|Any CPU.Build.0 = Debug|Any CPU
		{D51B9EE6-7109-4177-863E-C6303B495527}.Release|Any CPU.ActiveCfg = Release|Any CPU
		{D51B9EE6-7109-4177-863E-C6303B495527}.Release|Any CPU.Build.0 = Release|Any CPU
		{717C0B46-AFFA-4041-9334-DCE4CC4AAC76}.Debug|Any CPU.ActiveCfg = Debug|Any CPU
		{717C0B46-AFFA-4041-9334-DCE4CC4AAC76}.Debug|Any CPU.Build.0 = Debug|Any CPU
		{717C0B46-AFFA-4041-9334-DCE4CC4AAC76}.Release|Any CPU.ActiveCfg = Release|Any CPU
		{717C0B46-AFFA-4041-9334-DCE4CC4AAC76}.Release|Any CPU.Build.0 = Release|Any CPU
		{4C2C7935-A228-4F02-A115-CA524ED01AAB}.Debug|Any CPU.ActiveCfg = Debug|Any CPU
		{4C2C7935-A228-4F02-A115-CA524ED01AAB}.Debug|Any CPU.Build.0 = Debug|Any CPU
		{4C2C7935-A228-4F02-A115-CA524ED01AAB}.Release|Any CPU.ActiveCfg = Release|Any CPU
		{4C2C7935-A228-4F02-A115-CA524ED01AAB}.Release|Any CPU.Build.0 = Release|Any CPU
		{ADD451A2-CB58-4EB6-BFA7-FB2563B2DAAF}.Debug|Any CPU.ActiveCfg = Debug|Any CPU
		{ADD451A2-CB58-4EB6-BFA7-FB2563B2DAAF}.Debug|Any CPU.Build.0 = Debug|Any CPU
		{ADD451A2-CB58-4EB6-BFA7-FB2563B2DAAF}.Release|Any CPU.ActiveCfg = Release|Any CPU
		{ADD451A2-CB58-4EB6-BFA7-FB2563B2DAAF}.Release|Any CPU.Build.0 = Release|Any CPU
		{AD6ED939-9D35-48C9-9C31-39A1D967D8FC}.Debug|Any CPU.ActiveCfg = Debug|Any CPU
		{AD6ED939-9D35-48C9-9C31-39A1D967D8FC}.Debug|Any CPU.Build.0 = Debug|Any CPU
		{AD6ED939-9D35-48C9-9C31-39A1D967D8FC}.Release|Any CPU.ActiveCfg = Release|Any CPU
		{AD6ED939-9D35-48C9-9C31-39A1D967D8FC}.Release|Any CPU.Build.0 = Release|Any CPU
		{4BF4B91F-ACEA-497F-BD3A-9F3BCB25264E}.Debug|Any CPU.ActiveCfg = Debug|Any CPU
		{4BF4B91F-ACEA-497F-BD3A-9F3BCB25264E}.Debug|Any CPU.Build.0 = Debug|Any CPU
		{4BF4B91F-ACEA-497F-BD3A-9F3BCB25264E}.Release|Any CPU.ActiveCfg = Release|Any CPU
		{4BF4B91F-ACEA-497F-BD3A-9F3BCB25264E}.Release|Any CPU.Build.0 = Release|Any CPU
		{22D57848-8E3B-4131-8CAE-1A0371879047}.Debug|Any CPU.ActiveCfg = Debug|Any CPU
		{22D57848-8E3B-4131-8CAE-1A0371879047}.Debug|Any CPU.Build.0 = Debug|Any CPU
		{22D57848-8E3B-4131-8CAE-1A0371879047}.Release|Any CPU.ActiveCfg = Release|Any CPU
		{22D57848-8E3B-4131-8CAE-1A0371879047}.Release|Any CPU.Build.0 = Release|Any CPU
		{4E1F35CB-4FC0-49E1-9F7D-1FA26CA4BAD0}.Debug|Any CPU.ActiveCfg = Debug|Any CPU
		{4E1F35CB-4FC0-49E1-9F7D-1FA26CA4BAD0}.Debug|Any CPU.Build.0 = Debug|Any CPU
		{4E1F35CB-4FC0-49E1-9F7D-1FA26CA4BAD0}.Release|Any CPU.ActiveCfg = Release|Any CPU
		{4E1F35CB-4FC0-49E1-9F7D-1FA26CA4BAD0}.Release|Any CPU.Build.0 = Release|Any CPU
		{3627C3C8-D251-4C54-9FD0-51427238FF64}.Debug|Any CPU.ActiveCfg = Debug|Any CPU
		{3627C3C8-D251-4C54-9FD0-51427238FF64}.Debug|Any CPU.Build.0 = Debug|Any CPU
		{3627C3C8-D251-4C54-9FD0-51427238FF64}.Release|Any CPU.ActiveCfg = Release|Any CPU
		{3627C3C8-D251-4C54-9FD0-51427238FF64}.Release|Any CPU.Build.0 = Release|Any CPU
		{7563CBF1-7D81-4A0C-805D-9EEEDFCDFAA8}.Debug|Any CPU.ActiveCfg = Debug|Any CPU
		{7563CBF1-7D81-4A0C-805D-9EEEDFCDFAA8}.Debug|Any CPU.Build.0 = Debug|Any CPU
		{7563CBF1-7D81-4A0C-805D-9EEEDFCDFAA8}.Release|Any CPU.ActiveCfg = Release|Any CPU
		{7563CBF1-7D81-4A0C-805D-9EEEDFCDFAA8}.Release|Any CPU.Build.0 = Release|Any CPU
		{ABA76C53-C24A-4D31-8E1E-9FBC6D93D5B9}.Debug|Any CPU.ActiveCfg = Debug|Any CPU
		{ABA76C53-C24A-4D31-8E1E-9FBC6D93D5B9}.Debug|Any CPU.Build.0 = Debug|Any CPU
		{ABA76C53-C24A-4D31-8E1E-9FBC6D93D5B9}.Release|Any CPU.ActiveCfg = Release|Any CPU
		{ABA76C53-C24A-4D31-8E1E-9FBC6D93D5B9}.Release|Any CPU.Build.0 = Release|Any CPU
		{A25F23D5-4444-4726-9331-EF4632BA5987}.Debug|Any CPU.ActiveCfg = Debug|Any CPU
		{A25F23D5-4444-4726-9331-EF4632BA5987}.Debug|Any CPU.Build.0 = Debug|Any CPU
		{A25F23D5-4444-4726-9331-EF4632BA5987}.Release|Any CPU.ActiveCfg = Release|Any CPU
		{A25F23D5-4444-4726-9331-EF4632BA5987}.Release|Any CPU.Build.0 = Release|Any CPU
		{0E7354E8-3BFE-4CA3-83A0-D48419F6DD2B}.Debug|Any CPU.ActiveCfg = Debug|Any CPU
		{0E7354E8-3BFE-4CA3-83A0-D48419F6DD2B}.Debug|Any CPU.Build.0 = Debug|Any CPU
		{0E7354E8-3BFE-4CA3-83A0-D48419F6DD2B}.Release|Any CPU.ActiveCfg = Release|Any CPU
		{0E7354E8-3BFE-4CA3-83A0-D48419F6DD2B}.Release|Any CPU.Build.0 = Release|Any CPU
		{09E55778-BC6C-475F-BE11-657ECFF64A12}.Debug|Any CPU.ActiveCfg = Debug|Any CPU
		{09E55778-BC6C-475F-BE11-657ECFF64A12}.Debug|Any CPU.Build.0 = Debug|Any CPU
		{09E55778-BC6C-475F-BE11-657ECFF64A12}.Release|Any CPU.ActiveCfg = Release|Any CPU
		{09E55778-BC6C-475F-BE11-657ECFF64A12}.Release|Any CPU.Build.0 = Release|Any CPU
		{9D39B6DE-78AB-4971-9E70-C3AB31817A8B}.Debug|Any CPU.ActiveCfg = Debug|Any CPU
		{9D39B6DE-78AB-4971-9E70-C3AB31817A8B}.Debug|Any CPU.Build.0 = Debug|Any CPU
		{9D39B6DE-78AB-4971-9E70-C3AB31817A8B}.Release|Any CPU.ActiveCfg = Release|Any CPU
		{9D39B6DE-78AB-4971-9E70-C3AB31817A8B}.Release|Any CPU.Build.0 = Release|Any CPU
		{1C009827-D075-4619-B2A2-C897192CEA23}.Debug|Any CPU.ActiveCfg = Debug|Any CPU
		{1C009827-D075-4619-B2A2-C897192CEA23}.Debug|Any CPU.Build.0 = Debug|Any CPU
		{1C009827-D075-4619-B2A2-C897192CEA23}.Release|Any CPU.ActiveCfg = Release|Any CPU
		{1C009827-D075-4619-B2A2-C897192CEA23}.Release|Any CPU.Build.0 = Release|Any CPU
		{73AC46D7-D4F5-413F-8E7A-66E559367FEE}.Debug|Any CPU.ActiveCfg = Debug|Any CPU
		{73AC46D7-D4F5-413F-8E7A-66E559367FEE}.Debug|Any CPU.Build.0 = Debug|Any CPU
		{73AC46D7-D4F5-413F-8E7A-66E559367FEE}.Release|Any CPU.ActiveCfg = Release|Any CPU
		{73AC46D7-D4F5-413F-8E7A-66E559367FEE}.Release|Any CPU.Build.0 = Release|Any CPU
		{4FC6D70F-A744-404B-AAB1-932253441C96}.Debug|Any CPU.ActiveCfg = Debug|Any CPU
		{4FC6D70F-A744-404B-AAB1-932253441C96}.Debug|Any CPU.Build.0 = Debug|Any CPU
		{4FC6D70F-A744-404B-AAB1-932253441C96}.Release|Any CPU.ActiveCfg = Release|Any CPU
		{4FC6D70F-A744-404B-AAB1-932253441C96}.Release|Any CPU.Build.0 = Release|Any CPU
		{4FD8E8A2-8BB2-478E-B349-67766FB4A967}.Debug|Any CPU.ActiveCfg = Debug|Any CPU
		{4FD8E8A2-8BB2-478E-B349-67766FB4A967}.Debug|Any CPU.Build.0 = Debug|Any CPU
		{4FD8E8A2-8BB2-478E-B349-67766FB4A967}.Release|Any CPU.ActiveCfg = Release|Any CPU
		{4FD8E8A2-8BB2-478E-B349-67766FB4A967}.Release|Any CPU.Build.0 = Release|Any CPU
		{FB603700-2BE3-4730-ADC3-799EB8060B88}.Debug|Any CPU.ActiveCfg = Debug|Any CPU
		{FB603700-2BE3-4730-ADC3-799EB8060B88}.Debug|Any CPU.Build.0 = Debug|Any CPU
		{FB603700-2BE3-4730-ADC3-799EB8060B88}.Release|Any CPU.ActiveCfg = Release|Any CPU
		{FB603700-2BE3-4730-ADC3-799EB8060B88}.Release|Any CPU.Build.0 = Release|Any CPU
		{1805D3FB-D546-413C-B84B-92252D08CCD9}.Debug|Any CPU.ActiveCfg = Debug|Any CPU
		{1805D3FB-D546-413C-B84B-92252D08CCD9}.Debug|Any CPU.Build.0 = Debug|Any CPU
		{1805D3FB-D546-413C-B84B-92252D08CCD9}.Release|Any CPU.ActiveCfg = Release|Any CPU
		{1805D3FB-D546-413C-B84B-92252D08CCD9}.Release|Any CPU.Build.0 = Release|Any CPU
		{4134F60E-FC55-4E92-8713-F8DE0F95D6E8}.Debug|Any CPU.ActiveCfg = Debug|Any CPU
		{4134F60E-FC55-4E92-8713-F8DE0F95D6E8}.Debug|Any CPU.Build.0 = Debug|Any CPU
		{4134F60E-FC55-4E92-8713-F8DE0F95D6E8}.Release|Any CPU.ActiveCfg = Release|Any CPU
		{4134F60E-FC55-4E92-8713-F8DE0F95D6E8}.Release|Any CPU.Build.0 = Release|Any CPU
		{CF4CC85F-A097-4917-ABA3-7FEC710B49F1}.Debug|Any CPU.ActiveCfg = Debug|Any CPU
		{CF4CC85F-A097-4917-ABA3-7FEC710B49F1}.Debug|Any CPU.Build.0 = Debug|Any CPU
		{CF4CC85F-A097-4917-ABA3-7FEC710B49F1}.Release|Any CPU.ActiveCfg = Release|Any CPU
		{CF4CC85F-A097-4917-ABA3-7FEC710B49F1}.Release|Any CPU.Build.0 = Release|Any CPU
		{E56A399D-9974-436E-A562-FB1CEF125AEB}.Debug|Any CPU.ActiveCfg = Debug|Any CPU
		{E56A399D-9974-436E-A562-FB1CEF125AEB}.Debug|Any CPU.Build.0 = Debug|Any CPU
		{E56A399D-9974-436E-A562-FB1CEF125AEB}.Release|Any CPU.ActiveCfg = Release|Any CPU
		{E56A399D-9974-436E-A562-FB1CEF125AEB}.Release|Any CPU.Build.0 = Release|Any CPU
		{B67741A9-50FF-4693-9515-6E7288B13BFE}.Debug|Any CPU.ActiveCfg = Debug|Any CPU
		{B67741A9-50FF-4693-9515-6E7288B13BFE}.Debug|Any CPU.Build.0 = Debug|Any CPU
		{B67741A9-50FF-4693-9515-6E7288B13BFE}.Release|Any CPU.ActiveCfg = Release|Any CPU
		{B67741A9-50FF-4693-9515-6E7288B13BFE}.Release|Any CPU.Build.0 = Release|Any CPU
		{85D2EAA6-996C-451D-A7F8-ED180C5B5D3F}.Debug|Any CPU.ActiveCfg = Debug|Any CPU
		{85D2EAA6-996C-451D-A7F8-ED180C5B5D3F}.Debug|Any CPU.Build.0 = Debug|Any CPU
		{85D2EAA6-996C-451D-A7F8-ED180C5B5D3F}.Release|Any CPU.ActiveCfg = Release|Any CPU
		{85D2EAA6-996C-451D-A7F8-ED180C5B5D3F}.Release|Any CPU.Build.0 = Release|Any CPU
	EndGlobalSection
	GlobalSection(SolutionProperties) = preSolution
		HideSolutionNode = FALSE
	EndGlobalSection
	GlobalSection(NestedProjects) = preSolution
		{9135C537-E0BF-4DEF-A4E9-8B21905F12F5} = {36C47D9F-BD35-4584-AC4C-A33E02799E3A}
		{942B2732-F147-46FA-9312-C569EAD28DDB} = {36C47D9F-BD35-4584-AC4C-A33E02799E3A}
		{A696B7C1-BE6A-4330-8408-B6CC1D936FEB} = {36C47D9F-BD35-4584-AC4C-A33E02799E3A}
		{1B54B427-8F45-4D00-B91B-22FD75F6ECCD} = {36C47D9F-BD35-4584-AC4C-A33E02799E3A}
		{AA28E46C-037C-4F3D-8C3B-F090A5F93382} = {36C47D9F-BD35-4584-AC4C-A33E02799E3A}
		{C18DBA85-AB1E-43B2-A995-09DAF3D4253D} = {9135C537-E0BF-4DEF-A4E9-8B21905F12F5}
		{A28E7287-46D3-4268-B546-F3C606A7C732} = {9135C537-E0BF-4DEF-A4E9-8B21905F12F5}
		{F59127C0-2036-449B-AA22-2AE2E4242FEB} = {9135C537-E0BF-4DEF-A4E9-8B21905F12F5}
		{DF5275B1-853B-431B-8D5D-7C6E0A51D7C8} = {942B2732-F147-46FA-9312-C569EAD28DDB}
		{981BD0C9-57BC-4E66-9931-D0DC9D63A34B} = {E405869B-CAAC-4342-804D-5CD92C875487}
		{2E984FA0-CE49-499E-A442-0C652EBCE144} = {E405869B-CAAC-4342-804D-5CD92C875487}
		{6588DACB-BEE5-4F6C-9387-E065DA14C64D} = {E405869B-CAAC-4342-804D-5CD92C875487}
		{DBBC153B-FB09-4D8B-8170-E31A606B2E1C} = {E405869B-CAAC-4342-804D-5CD92C875487}
		{A2CB249D-B181-427A-B107-2A0379054D33} = {E405869B-CAAC-4342-804D-5CD92C875487}
		{22D9B0DD-122A-4CA2-9B01-4267819323A8} = {E405869B-CAAC-4342-804D-5CD92C875487}
		{C5E8423B-0596-4B0C-BAF7-05AAC8103F64} = {E405869B-CAAC-4342-804D-5CD92C875487}
		{1BA0B8A7-D8F8-41D4-8F3A-EEDF51B56737} = {981BD0C9-57BC-4E66-9931-D0DC9D63A34B}
		{CDA568BB-F5EC-4646-B3B6-A291B499A91D} = {981BD0C9-57BC-4E66-9931-D0DC9D63A34B}
		{CFE007A4-6258-4C31-8ACC-A2AA670134FE} = {981BD0C9-57BC-4E66-9931-D0DC9D63A34B}
		{D2AE06C5-645F-4BB8-87A0-2D5D3D5A4C4B} = {2E984FA0-CE49-499E-A442-0C652EBCE144}
		{6E73EEAA-9937-44B6-AC1C-549B77CA57BE} = {2E984FA0-CE49-499E-A442-0C652EBCE144}
		{AF126815-0AA3-4C98-AE1C-62508DDE7610} = {6588DACB-BEE5-4F6C-9387-E065DA14C64D}
		{ADBED7D1-5CE3-459A-A1B1-11EF08EF8B7B} = {6588DACB-BEE5-4F6C-9387-E065DA14C64D}
		{ADFF93CF-E0FD-495A-B234-CC52300B5654} = {6588DACB-BEE5-4F6C-9387-E065DA14C64D}
		{F4D5384C-2930-468E-92B6-F710C196925F} = {6588DACB-BEE5-4F6C-9387-E065DA14C64D}
		{9D39B6DE-78AB-4971-9E70-C3AB31817A8B} = {A696B7C1-BE6A-4330-8408-B6CC1D936FEB}
		{A25F23D5-4444-4726-9331-EF4632BA5987} = {1B54B427-8F45-4D00-B91B-22FD75F6ECCD}
		{E56A399D-9974-436E-A562-FB1CEF125AEB} = {AA28E46C-037C-4F3D-8C3B-F090A5F93382}
		{ED5C9499-0570-4FF7-98D4-EB47CAA37741} = {678624C1-42E2-46B4-9EE4-F152577D8E3B}
		{059058F3-181B-49A2-BC4A-B76124978174} = {678624C1-42E2-46B4-9EE4-F152577D8E3B}
		{1B95949E-6FDE-4F7F-9BF2-C204DF529F0F} = {678624C1-42E2-46B4-9EE4-F152577D8E3B}
		{388891D2-175F-4639-9D56-12FBE060AD2C} = {678624C1-42E2-46B4-9EE4-F152577D8E3B}
		{AFC5DC89-41C7-4247-85B9-C33DC63FD3A2} = {678624C1-42E2-46B4-9EE4-F152577D8E3B}
		{121BB572-DABB-4955-8CAB-FEA4989871B7} = {678624C1-42E2-46B4-9EE4-F152577D8E3B}
		{BAAF00AB-8EF5-4508-A923-C71EDBE50F8E} = {678624C1-42E2-46B4-9EE4-F152577D8E3B}
		{D55B885E-6A2E-4334-90BB-5FF21F4D9241} = {678624C1-42E2-46B4-9EE4-F152577D8E3B}
		{175DD6DF-7588-4F1E-B3D5-0F700985F5DB} = {678624C1-42E2-46B4-9EE4-F152577D8E3B}
		{9FAE9360-A194-4E8D-9A28-0635F8BDA5BF} = {678624C1-42E2-46B4-9EE4-F152577D8E3B}
		{3C6A6302-87B7-4E09-BBE3-5870597AEE69} = {678624C1-42E2-46B4-9EE4-F152577D8E3B}
		{F52EEE40-7DA6-4B4D-9DD5-904A882A579D} = {ED5C9499-0570-4FF7-98D4-EB47CAA37741}
		{D51B9EE6-7109-4177-863E-C6303B495527} = {ED5C9499-0570-4FF7-98D4-EB47CAA37741}
		{717C0B46-AFFA-4041-9334-DCE4CC4AAC76} = {059058F3-181B-49A2-BC4A-B76124978174}
		{4C2C7935-A228-4F02-A115-CA524ED01AAB} = {059058F3-181B-49A2-BC4A-B76124978174}
		{ADD451A2-CB58-4EB6-BFA7-FB2563B2DAAF} = {1B95949E-6FDE-4F7F-9BF2-C204DF529F0F}
		{AD6ED939-9D35-48C9-9C31-39A1D967D8FC} = {1B95949E-6FDE-4F7F-9BF2-C204DF529F0F}
		{4BF4B91F-ACEA-497F-BD3A-9F3BCB25264E} = {388891D2-175F-4639-9D56-12FBE060AD2C}
		{22D57848-8E3B-4131-8CAE-1A0371879047} = {388891D2-175F-4639-9D56-12FBE060AD2C}
		{4E1F35CB-4FC0-49E1-9F7D-1FA26CA4BAD0} = {AFC5DC89-41C7-4247-85B9-C33DC63FD3A2}
		{3627C3C8-D251-4C54-9FD0-51427238FF64} = {AFC5DC89-41C7-4247-85B9-C33DC63FD3A2}
		{7563CBF1-7D81-4A0C-805D-9EEEDFCDFAA8} = {121BB572-DABB-4955-8CAB-FEA4989871B7}
		{ABA76C53-C24A-4D31-8E1E-9FBC6D93D5B9} = {121BB572-DABB-4955-8CAB-FEA4989871B7}
		{0E7354E8-3BFE-4CA3-83A0-D48419F6DD2B} = {DBBC153B-FB09-4D8B-8170-E31A606B2E1C}
		{09E55778-BC6C-475F-BE11-657ECFF64A12} = {A2CB249D-B181-427A-B107-2A0379054D33}
		{1C009827-D075-4619-B2A2-C897192CEA23} = {22D9B0DD-122A-4CA2-9B01-4267819323A8}
		{73AC46D7-D4F5-413F-8E7A-66E559367FEE} = {BAAF00AB-8EF5-4508-A923-C71EDBE50F8E}
		{4FC6D70F-A744-404B-AAB1-932253441C96} = {D55B885E-6A2E-4334-90BB-5FF21F4D9241}
		{4FD8E8A2-8BB2-478E-B349-67766FB4A967} = {D55B885E-6A2E-4334-90BB-5FF21F4D9241}
		{FB603700-2BE3-4730-ADC3-799EB8060B88} = {D55B885E-6A2E-4334-90BB-5FF21F4D9241}
		{1805D3FB-D546-413C-B84B-92252D08CCD9} = {D55B885E-6A2E-4334-90BB-5FF21F4D9241}
		{4134F60E-FC55-4E92-8713-F8DE0F95D6E8} = {175DD6DF-7588-4F1E-B3D5-0F700985F5DB}
		{CF4CC85F-A097-4917-ABA3-7FEC710B49F1} = {C5E8423B-0596-4B0C-BAF7-05AAC8103F64}
		{B67741A9-50FF-4693-9515-6E7288B13BFE} = {9FAE9360-A194-4E8D-9A28-0635F8BDA5BF}
		{85D2EAA6-996C-451D-A7F8-ED180C5B5D3F} = {3C6A6302-87B7-4E09-BBE3-5870597AEE69}
	EndGlobalSection
EndGlobal
